<?xml version="1.0" encoding="utf-8"?>
<Project ToolsVersion="4.0" xmlns="http://schemas.microsoft.com/developer/msbuild/2003">
  <ItemGroup>
    <Filter Include="Source Files">
      <UniqueIdentifier>{4FC737F1-C7A5-4376-A066-2A32D752A2FF}</UniqueIdentifier>
      <Extensions>cpp;c;cc;cxx;c++;cppm;ixx;def;odl;idl;hpj;bat;asm;asmx</Extensions>
    </Filter>
    <Filter Include="Header Files">
      <UniqueIdentifier>{93995380-89BD-4b04-88EB-625FBE52EBFB}</UniqueIdentifier>
      <Extensions>h;hh;hpp;hxx;h++;hm;inl;inc;ipp;xsd</Extensions>
    </Filter>
    <Filter Include="Resource Files">
      <UniqueIdentifier>{67DA6AB6-F800-4c08-8B7A-83BB121AAD01}</UniqueIdentifier>
      <Extensions>rc;ico;cur;bmp;dlg;rc2;rct;bin;rgs;gif;jpg;jpeg;jpe;resx;tiff;tif;png;wav;mfcribbon-ms</Extensions>
    </Filter>
  </ItemGroup>
  <ItemGroup>
    <ClInclude Include="Item.h">
      <Filter>Header Files</Filter>
    </ClInclude>
    <ClInclude Include="Inventory.h">
      <Filter>Header Files</Filter>
    </ClInclude>
    <ClInclude Include="BarcodeScanner.h">
      <Filter>Header Files</Filter>
    </ClInclude>
    <ClInclude Include="CardInterface.h">
      <Filter>Header Files</Filter>
    </ClInclude>
    <ClInclude Include="Cart.h">
      <Filter>Header Files</Filter>
    </ClInclude>
    <ClInclude Include="CartInterface.h">
      <Filter>Header Files</Filter>
    </ClInclude>
    <ClInclude Include="CashInterface.h">
      <Filter>Header Files</Filter>
    </ClInclude>
    <ClInclude Include="CashRepository.h">
      <Filter>Header Files</Filter>
    </ClInclude>
    <ClInclude Include="ChangeRepository.h">
      <Filter>Header Files</Filter>
    </ClInclude>
    <ClInclude Include="CreditCardTerminal.h">
      <Filter>Header Files</Filter>
    </ClInclude>
    <ClInclude Include="CustomerMenu.h">
      <Filter>Header Files</Filter>
    </ClInclude>
    <ClInclude Include="EmployeeMenu.h">
      <Filter>Header Files</Filter>
    </ClInclude>
    <ClInclude Include="ItemMenu.h">
      <Filter>Header Files</Filter>
    </ClInclude>
    <ClInclude Include="PaymentInterface.h">
      <Filter>Header Files</Filter>
    </ClInclude>
    <ClInclude Include="PaymentMenu.h">
      <Filter>Header Files</Filter>
    </ClInclude>
    <ClInclude Include="PayService.h">
      <Filter>Header Files</Filter>
    </ClInclude>
    <ClInclude Include="PortalMenu.h">
      <Filter>Header Files</Filter>
    </ClInclude>
    <ClInclude Include="SCOControlCenter.h">
      <Filter>Header Files</Filter>
    </ClInclude>
    <ClInclude Include="SelectionMenu.h">
      <Filter>Header Files</Filter>
    </ClInclude>
    <ClInclude Include="SelfCheckoutMachine.h">
      <Filter>Header Files</Filter>
    </ClInclude>
    <ClInclude Include="UserInterface.h">
      <Filter>Header Files</Filter>
    </ClInclude>
    <ClInclude Include="CashRepositoryInterface.h">
      <Filter>Header Files</Filter>
    </ClInclude>
    <ClInclude Include="CustomerPortal.h">
      <Filter>Header Files</Filter>
    </ClInclude>
  </ItemGroup>
  <ItemGroup>
    <ClCompile Include="Item.cpp">
      <Filter>Source Files</Filter>
    </ClCompile>
    <ClCompile Include="Inventory.cpp">
      <Filter>Source Files</Filter>
    </ClCompile>
    <ClCompile Include="InventoryTest.cpp">
      <Filter>Source Files</Filter>
    </ClCompile>
    <ClCompile Include="BarcodeScanner.cpp">
      <Filter>Source Files</Filter>
    </ClCompile>
    <ClCompile Include="CardInterface.cpp">
      <Filter>Source Files</Filter>
    </ClCompile>
    <ClCompile Include="Cart.cpp">
      <Filter>Source Files</Filter>
    </ClCompile>
    <ClCompile Include="CartInterface.cpp">
      <Filter>Source Files</Filter>
    </ClCompile>
    <ClCompile Include="CashInterface.cpp">
      <Filter>Source Files</Filter>
    </ClCompile>
    <ClCompile Include="CashRepository.cpp">
      <Filter>Source Files</Filter>
    </ClCompile>
    <ClCompile Include="ChangeRepository.cpp">
      <Filter>Source Files</Filter>
    </ClCompile>
    <ClCompile Include="CreditCardTerminal.cpp">
      <Filter>Source Files</Filter>
    </ClCompile>
    <ClCompile Include="CustomerMenu.cpp">
      <Filter>Source Files</Filter>
    </ClCompile>
    <ClCompile Include="EmployeeMenu.cpp">
      <Filter>Source Files</Filter>
    </ClCompile>
    <ClCompile Include="ItemMenu.cpp">
      <Filter>Source Files</Filter>
    </ClCompile>
    <ClCompile Include="PaymentInterface.cpp">
      <Filter>Source Files</Filter>
    </ClCompile>
    <ClCompile Include="PaymentMenu.cpp">
      <Filter>Source Files</Filter>
    </ClCompile>
    <ClCompile Include="PayService.cpp">
      <Filter>Source Files</Filter>
    </ClCompile>
    <ClCompile Include="PortalMenu.cpp">
      <Filter>Source Files</Filter>
    </ClCompile>
    <ClCompile Include="SCOControlCenter.cpp">
      <Filter>Source Files</Filter>
    </ClCompile>
    <ClCompile Include="SelectionMenu.cpp">
      <Filter>Source Files</Filter>
    </ClCompile>
    <ClCompile Include="SelfCheckoutMachine.cpp">
      <Filter>Source Files</Filter>
    </ClCompile>
    <ClCompile Include="UserInterface.cpp">
      <Filter>Source Files</Filter>
    </ClCompile>
    <ClCompile Include="CashRepositoryInterface.cpp">
      <Filter>Source Files</Filter>
    </ClCompile>
    <ClCompile Include="CustomerPortal.cpp">
      <Filter>Source Files</Filter>
    </ClCompile>
  </ItemGroup>
</Project>